// !$*UTF8*$!
{
	archiveVersion = 1;
	classes = {
	};
	objectVersion = 46;
	objects = {

/* Begin PBXBuildFile section */
		853FB4781D3A1C290081F25E /* main.cpp in Sources */ = {isa = PBXBuildFile; fileRef = 853FB4771D3A1C290081F25E /* main.cpp */; };
		858F0F561FE51296006D1652 /* myclass.cpp in Sources */ = {isa = PBXBuildFile; fileRef = 858F0F541FE51296006D1652 /* myclass.cpp */; };
		85D2F1EE1FFD54CB00770DF4 /* Converter.cpp in Sources */ = {isa = PBXBuildFile; fileRef = 85D2F1EC1FFD54CB00770DF4 /* Converter.cpp */; };
/* End PBXBuildFile section */

/* Begin PBXCopyFilesBuildPhase section */
		853FB4721D3A1C290081F25E /* CopyFiles */ = {
			isa = PBXCopyFilesBuildPhase;
			buildActionMask = 2147483647;
			dstPath = /usr/share/man/man1/;
			dstSubfolderSpec = 0;
			files = (
			);
			runOnlyForDeploymentPostprocessing = 1;
		};
/* End PBXCopyFilesBuildPhase section */

/* Begin PBXFileReference section */
		853FB4741D3A1C290081F25E /* cplusplus_helloworld */ = {isa = PBXFileReference; explicitFileType = "compiled.mach-o.executable"; includeInIndex = 0; path = cplusplus_helloworld; sourceTree = BUILT_PRODUCTS_DIR; };
		853FB4771D3A1C290081F25E /* main.cpp */ = {isa = PBXFileReference; lastKnownFileType = sourcecode.cpp.cpp; path = main.cpp; sourceTree = "<group>"; };
		858F0F541FE51296006D1652 /* myclass.cpp */ = {isa = PBXFileReference; lastKnownFileType = sourcecode.cpp.cpp; path = myclass.cpp; sourceTree = "<group>"; };
		858F0F551FE51296006D1652 /* myclass.hpp */ = {isa = PBXFileReference; lastKnownFileType = sourcecode.cpp.h; path = myclass.hpp; sourceTree = "<group>"; };
		85D2F1EC1FFD54CB00770DF4 /* Converter.cpp */ = {isa = PBXFileReference; lastKnownFileType = sourcecode.cpp.cpp; path = Converter.cpp; sourceTree = "<group>"; };
		85D2F1ED1FFD54CB00770DF4 /* Converter.hpp */ = {isa = PBXFileReference; lastKnownFileType = sourcecode.cpp.h; path = Converter.hpp; sourceTree = "<group>"; };
/* End PBXFileReference section */

/* Begin PBXFrameworksBuildPhase section */
		853FB4711D3A1C290081F25E /* Frameworks */ = {
			isa = PBXFrameworksBuildPhase;
			buildActionMask = 2147483647;
			files = (
			);
			runOnlyForDeploymentPostprocessing = 0;
		};
/* End PBXFrameworksBuildPhase section */

/* Begin PBXGroup section */
		853FB46B1D3A1C290081F25E = {
			isa = PBXGroup;
			children = (
				853FB4761D3A1C290081F25E /* cplusplus_helloworld */,
				853FB4751D3A1C290081F25E /* Products */,
			);
			sourceTree = "<group>";
		};
		853FB4751D3A1C290081F25E /* Products */ = {
			isa = PBXGroup;
			children = (
				853FB4741D3A1C290081F25E /* cplusplus_helloworld */,
			);
			name = Products;
			sourceTree = "<group>";
		};
		853FB4761D3A1C290081F25E /* cplusplus_helloworld */ = {
			isa = PBXGroup;
			children = (
				853FB4771D3A1C290081F25E /* main.cpp */,
				858F0F541FE51296006D1652 /* myclass.cpp */,
				858F0F551FE51296006D1652 /* myclass.hpp */,
				85D2F1EC1FFD54CB00770DF4 /* Converter.cpp */,
				85D2F1ED1FFD54CB00770DF4 /* Converter.hpp */,
			);
			path = cplusplus_helloworld;
			sourceTree = "<group>";
		};
/* End PBXGroup section */

/* Begin PBXNativeTarget section */
		853FB4731D3A1C290081F25E /* cplusplus_helloworld */ = {
			isa = PBXNativeTarget;
			buildConfigurationList = 853FB47B1D3A1C290081F25E /* Build configuration list for PBXNativeTarget "cplusplus_helloworld" */;
			buildPhases = (
				853FB4701D3A1C290081F25E /* Sources */,
				853FB4711D3A1C290081F25E /* Frameworks */,
				853FB4721D3A1C290081F25E /* CopyFiles */,
			);
			buildRules = (
			);
			dependencies = (
			);
			name = cplusplus_helloworld;
			productName = cplusplus_helloworld;
			productReference = 853FB4741D3A1C290081F25E /* cplusplus_helloworld */;
			productType = "com.apple.product-type.tool";
		};
/* End PBXNativeTarget section */

/* Begin PBXProject section */
		853FB46C1D3A1C290081F25E /* Project object */ = {
			isa = PBXProject;
			attributes = {
				LastUpgradeCheck = 0730;
				ORGANIZATIONNAME = shiyun;
				TargetAttributes = {
					853FB4731D3A1C290081F25E = {
						CreatedOnToolsVersion = 7.3.1;
					};
				};
			};
			buildConfigurationList = 853FB46F1D3A1C290081F25E /* Build configuration list for PBXProject "cplusplus_helloworld" */;
			compatibilityVersion = "Xcode 3.2";
			developmentRegion = English;
			hasScannedForEncodings = 0;
			knownRegions = (
				en,
			);
			mainGroup = 853FB46B1D3A1C290081F25E;
			productRefGroup = 853FB4751D3A1C290081F25E /* Products */;
			projectDirPath = "";
			projectRoot = "";
			targets = (
				853FB4731D3A1C290081F25E /* cplusplus_helloworld */,
			);
		};
/* End PBXProject section */

/* Begin PBXSourcesBuildPhase section */
		853FB4701D3A1C290081F25E /* Sources */ = {
			isa = PBXSourcesBuildPhase;
			buildActionMask = 2147483647;
			files = (
				858F0F561FE51296006D1652 /* myclass.cpp in Sources */,
				85D2F1EE1FFD54CB00770DF4 /* Converter.cpp in Sources */,
				853FB4781D3A1C290081F25E /* main.cpp in Sources */,
			);
			runOnlyForDeploymentPostprocessing = 0;
		};
/* End PBXSourcesBuildPhase section */

/* Begin XCBuildConfiguration section */
		853FB4791D3A1C290081F25E /* Debug */ = {
			isa = XCBuildConfiguration;
			buildSettings = {
				ALWAYS_SEARCH_USER_PATHS = NO;
				CLANG_ANALYZER_NONNULL = YES;
				CLANG_CXX_LANGUAGE_STANDARD = "gnu++0x";
				CLANG_CXX_LIBRARY = "libc++";
				CLANG_ENABLE_MODULES = YES;
				CLANG_ENABLE_OBJC_ARC = YES;
				CLANG_WARN_BOOL_CONVERSION = YES;
				CLANG_WARN_CONSTANT_CONVERSION = YES;
				CLANG_WARN_DIRECT_OBJC_ISA_USAGE = YES_ERROR;
				CLANG_WARN_EMPTY_BODY = YES;
				CLANG_WARN_ENUM_CONVERSION = YES;
				CLANG_WARN_INT_CONVERSION = YES;
				CLANG_WARN_OBJC_ROOT_CLASS = YES_ERROR;
				CLANG_WARN_UNREACHABLE_CODE = YES;
				CLANG_WARN__DUPLICATE_METHOD_MATCH = YES;
				CODE_SIGN_IDENTITY = "-";
				COPY_PHASE_STRIP = NO;
				DEBUG_INFORMATION_FORMAT = dwarf;
				ENABLE_STRICT_OBJC_MSGSEND = YES;
				ENABLE_TESTABILITY = YES;
				GCC_C_LANGUAGE_STANDARD = gnu99;
				GCC_DYNAMIC_NO_PIC = NO;
				GCC_NO_COMMON_BLOCKS = YES;
				GCC_OPTIMIZATION_LEVEL = 0;
				GCC_PREPROCESSOR_DEFINITIONS = (
					"DEBUG=1",
					"$(inherited)",
				);
				GCC_WARN_64_TO_32_BIT_CONVERSION = YES;
				GCC_WARN_ABOUT_RETURN_TYPE = YES_ERROR;
				GCC_WARN_UNDECLARED_SELECTOR = YES;
				GCC_WARN_UNINITIALIZED_AUTOS = YES_AGGRESSIVE;
				GCC_WARN_UNUSED_FUNCTION = YES;
				GCC_WARN_UNUSED_VARIABLE = YES;
				MACOSX_DEPLOYMENT_TARGET = 10.11;
				MTL_ENABLE_DEBUG_INFO = YES;
				ONLY_ACTIVE_ARCH = YES;
				SDKROOT = macosx;
			};
			name = Debug;
		};
		853FB47A1D3A1C290081F25E /* Release */ = {
			isa = XCBuildConfiguration;
			buildSettings = {
				ALWAYS_SEARCH_USER_PATHS = NO;
				CLANG_ANALYZER_NONNULL = YES;
				CLANG_CXX_LANGUAGE_STANDARD = "gnu++0x";
				CLANG_CXX_LIBRARY = "libc++";
				CLANG_ENABLE_MODULES = YES;
				CLANG_ENABLE_OBJC_ARC = YES;
				CLANG_WARN_BOOL_CONVERSION = YES;
				CLANG_WARN_CONSTANT_CONVERSION = YES;
				CLANG_WARN_DIRECT_OBJC_ISA_USAGE = YES_ERROR;
				CLANG_WARN_EMPTY_BODY = YES;
				CLANG_WARN_ENUM_CONVERSION = YES;
				CLANG_WARN_INT_CONVERSION = YES;
				CLANG_WARN_OBJC_ROOT_CLASS = YES_ERROR;
				CLANG_WARN_UNREACHABLE_CODE = YES;
				CLANG_WARN__DUPLICATE_METHOD_MATCH = YES;
				CODE_SIGN_IDENTITY = "-";
				COPY_PHASE_STRIP = NO;
				DEBUG_INFORMATION_FORMAT = "dwarf-with-dsym";
				ENABLE_NS_ASSERTIONS = NO;
				ENABLE_STRICT_OBJC_MSGSEND = YES;
				GCC_C_LANGUAGE_STANDARD = gnu99;
				GCC_NO_COMMON_BLOCKS = YES;
				GCC_WARN_64_TO_32_BIT_CONVERSION = YES;
				GCC_WARN_ABOUT_RETURN_TYPE = YES_ERROR;
				GCC_WARN_UNDECLARED_SELECTOR = YES;
				GCC_WARN_UNINITIALIZED_AUTOS = YES_AGGRESSIVE;
				GCC_WARN_UNUSED_FUNCTION = YES;
				GCC_WARN_UNUSED_VARIABLE = YES;
				MACOSX_DEPLOYMENT_TARGET = 10.11;
				MTL_ENABLE_DEBUG_INFO = NO;
				SDKROOT = macosx;
			};
			name = Release;
		};
		853FB47C1D3A1C290081F25E /* Debug */ = {
			isa = XCBuildConfiguration;
			buildSettings = {
				PRODUCT_NAME = "$(TARGET_NAME)";
			};
			name = Debug;
		};
		853FB47D1D3A1C290081F25E /* Release */ = {
			isa = XCBuildConfiguration;
			buildSettings = {
				PRODUCT_NAME = "$(TARGET_NAME)";
			};
			name = Release;
		};
/* End XCBuildConfiguration section */

/* Begin XCConfigurationList section */
		853FB46F1D3A1C290081F25E /* Build configuration list for PBXProject "cplusplus_helloworld" */ = {
			isa = XCConfigurationList;
			buildConfigurations = (
				853FB4791D3A1C290081F25E /* Debug */,
				853FB47A1D3A1C290081F25E /* Release */,
			);
			defaultConfigurationIsVisible = 0;
			defaultConfigurationName = Release;
		};
		853FB47B1D3A1C290081F25E /* Build configuration list for PBXNativeTarget "cplusplus_helloworld" */ = {
			isa = XCConfigurationList;
			buildConfigurations = (
				853FB47C1D3A1C290081F25E /* Debug */,
				853FB47D1D3A1C290081F25E /* Release */,
			);
			defaultConfigurationIsVisible = 0;
			defaultConfigurationName = Release;
		};
/* End XCConfigurationList section */
	};
	rootObject = 853FB46C1D3A1C290081F25E /* Project object */;
}
